
Microsoft Visual Studio Solution File, Format Version 12.00
# Visual Studio Version 17
VisualStudioVersion = 17.5.002.0
MinimumVisualStudioVersion = 10.0.40219.1
Project("{9A19103F-16F7-4668-BE54-9A1E7A4F7556}") = "discord-steamvr-sync", "discord-steamvr-sync.csproj", "{48411541-B821-429B-B7C7-FFC254783D38}"
EndProject
Global
	GlobalSection(SolutionConfigurationPlatforms) = preSolution
		Debug|Any CPU = Debug|Any CPU
		Release|Any CPU = Release|Any CPU
	EndGlobalSection
	GlobalSection(ProjectConfigurationPlatforms) = postSolution
		{48411541-B821-429B-B7C7-FFC254783D38}.Debug|Any CPU.ActiveCfg = Debug|Any CPU
		{48411541-B821-429B-B7C7-FFC254783D38}.Debug|Any CPU.Build.0 = Debug|Any CPU
		{48411541-B821-429B-B7C7-FFC254783D38}.Release|Any CPU.ActiveCfg = Release|Any CPU
		{48411541-B821-429B-B7C7-FFC254783D38}.Release|Any CPU.Build.0 = Release|Any CPU
	EndGlobalSection
	GlobalSection(SolutionProperties) = preSolution
		HideSolutionNode = FALSE
	EndGlobalSection
	GlobalSection(ExtensibilityGlobals) = postSolution
		SolutionGuid = {EC9E9857-6687-4CB5-A772-022F6D466349}
	EndGlobalSection
EndGlobal
